{
  "nodes": {
    "flake-utils": {
      "locked": {
        "lastModified": 1642700792,
        "narHash": "sha256-XqHrk7hFb+zBvRg6Ghl+AZDq03ov6OshJLiSWOoX5es=",
        "owner": "numtide",
        "repo": "flake-utils",
        "rev": "846b2ae0fc4cc943637d3d1def4454213e203cba",
        "type": "github"
      },
      "original": {
        "owner": "numtide",
        "repo": "flake-utils",
        "type": "github"
      }
    },
    "home-manager": {
      "inputs": {
        "nixpkgs": [
          "nixpkgs"
        ]
      },
      "locked": {
        "lastModified": 1643411645,
        "narHash": "sha256-q1TjWmK1MeGNfcU8ud11v9ZTqq2UI8YiCVKCD2MeAEk=",
        "owner": "nix-community",
        "repo": "home-manager",
        "rev": "acf824c9ed70f623b424c2ca41d0f6821014c67c",
        "type": "github"
      },
      "original": {
        "owner": "nix-community",
        "repo": "home-manager",
        "type": "github"
      }
    },
    "kmonad": {
      "inputs": {
        "flake-utils": [
          "flake-utils"
        ],
        "nixpkgs": [
          "nixpkgs"
        ]
      },
      "locked": {
        "dir": "nix",
        "lastModified": 1643096815,
        "narHash": "sha256-oLp+Xfo2lPcCvc2wvobAXj1dosKrdEgpHstSSI2r1WQ=",
        "owner": "kmonad",
        "repo": "kmonad",
        "rev": "2cc865bcfc255e16225f1980d214188a99205297",
        "type": "github"
      },
      "original": {
        "dir": "nix",
        "owner": "kmonad",
        "repo": "kmonad",
        "type": "github"
      }
    },
    "nix-colors": {
      "locked": {
        "lastModified": 1643016200,
        "narHash": "sha256-l9I0u/8/oYsxvpF4pXx/L3bYgmkiFxZmv4IlYV61gJE=",
        "owner": "Misterio77",
        "repo": "nix-colors",
        "rev": "07357aead79ec7c458303d71feafc9c992f808b8",
        "type": "github"
      },
      "original": {
        "owner": "Misterio77",
        "repo": "nix-colors",
        "type": "github"
      }
    },
    "nixpkgs": {
      "locked": {
        "lastModified": 1643347846,
        "narHash": "sha256-O0tyXF//ppRpe9yT1Uu5n34yI2MWDyY6ZiJ4Qn5zIkE=",
        "owner": "nixos",
        "repo": "nixpkgs",
        "rev": "5bb20f9dc70e9ee16e21cc404b6508654931ce41",
        "type": "github"
      },
      "original": {
        "owner": "nixos",
        "ref": "nixos-unstable",
        "repo": "nixpkgs",
        "type": "github"
      }
    },
    "root": {
      "inputs": {
        "flake-utils": "flake-utils",
        "home-manager": "home-manager",
        "kmonad": "kmonad",
        "nix-colors": "nix-colors",
        "nixpkgs": "nixpkgs"
      }
    }
  },
  "root": "root",
  "version": 7
}
